{
  "name": "@longkunz/codex-kit",
  "version": "1.3.0",
  "lockfileVersion": 3,
  "requires": true,
  "packages": {
    "": {
      "name": "@longkunz/codex-kit",
      "version": "1.3.0",
      "license": "MIT",
      "bin": {
        "codex-kit": "bin/codex-kit.js"
      },
      "engines": {
        "node": ">=20.0.0"
      }
    }
  }
}
